
Microsoft Visual Studio Solution File, Format Version 12.00
# Visual Studio 2012
Project("{D954291E-2A0B-460D-934E-DC6B0785DB48}") = "OMShopMobile", "OMShopMobile\OMShopMobile.shproj", "{263CC615-2F06-4042-AABC-AC879CDA4544}"
EndProject
Project("{FAE04EC0-301F-11D3-BF4B-00C04F79EFBC}") = "OMShopMobile.iOS", "iOS\OMShopMobile.iOS.csproj", "{9E2F2175-4AFB-4B35-8D26-B2B8751BC1BB}"
EndProject
Project("{FAE04EC0-301F-11D3-BF4B-00C04F79EFBC}") = "OMShopMobile.Droid", "Droid\OMShopMobile.Droid.csproj", "{275BCE73-51DF-4CF6-A65D-AFC1CBE8928A}"
EndProject
Project("{FAE04EC0-301F-11D3-BF4B-00C04F79EFBC}") = "OMShopMobile.UITests", "UITests\OMShopMobile.UITests.csproj", "{2909CA8F-9430-4F1A-A651-C3E155EA3A97}"
EndProject
Global
	GlobalSection(SolutionConfigurationPlatforms) = preSolution
		Debug|iPhoneSimulator = Debug|iPhoneSimulator
		Release|iPhone = Release|iPhone
		Release|iPhoneSimulator = Release|iPhoneSimulator
		Debug|iPhone = Debug|iPhone
		Debug|Any CPU = Debug|Any CPU
		Release|Any CPU = Release|Any CPU
	EndGlobalSection
	GlobalSection(ProjectConfigurationPlatforms) = postSolution
		{275BCE73-51DF-4CF6-A65D-AFC1CBE8928A}.Debug|Any CPU.ActiveCfg = Debug|Any CPU
		{275BCE73-51DF-4CF6-A65D-AFC1CBE8928A}.Debug|Any CPU.Build.0 = Debug|Any CPU
		{275BCE73-51DF-4CF6-A65D-AFC1CBE8928A}.Debug|iPhone.ActiveCfg = Debug|Any CPU
		{275BCE73-51DF-4CF6-A65D-AFC1CBE8928A}.Debug|iPhone.Build.0 = Debug|Any CPU
		{275BCE73-51DF-4CF6-A65D-AFC1CBE8928A}.Debug|iPhoneSimulator.ActiveCfg = Debug|Any CPU
		{275BCE73-51DF-4CF6-A65D-AFC1CBE8928A}.Debug|iPhoneSimulator.Build.0 = Debug|Any CPU
		{275BCE73-51DF-4CF6-A65D-AFC1CBE8928A}.Release|Any CPU.ActiveCfg = Release|Any CPU
		{275BCE73-51DF-4CF6-A65D-AFC1CBE8928A}.Release|Any CPU.Build.0 = Release|Any CPU
		{275BCE73-51DF-4CF6-A65D-AFC1CBE8928A}.Release|iPhone.ActiveCfg = Release|Any CPU
		{275BCE73-51DF-4CF6-A65D-AFC1CBE8928A}.Release|iPhone.Build.0 = Release|Any CPU
		{275BCE73-51DF-4CF6-A65D-AFC1CBE8928A}.Release|iPhoneSimulator.ActiveCfg = Release|Any CPU
		{275BCE73-51DF-4CF6-A65D-AFC1CBE8928A}.Release|iPhoneSimulator.Build.0 = Release|Any CPU
		{2909CA8F-9430-4F1A-A651-C3E155EA3A97}.Debug|Any CPU.ActiveCfg = Debug|Any CPU
		{2909CA8F-9430-4F1A-A651-C3E155EA3A97}.Debug|Any CPU.Build.0 = Debug|Any CPU
		{2909CA8F-9430-4F1A-A651-C3E155EA3A97}.Debug|iPhone.ActiveCfg = Debug|Any CPU
		{2909CA8F-9430-4F1A-A651-C3E155EA3A97}.Debug|iPhone.Build.0 = Debug|Any CPU
		{2909CA8F-9430-4F1A-A651-C3E155EA3A97}.Debug|iPhoneSimulator.ActiveCfg = Debug|Any CPU
		{2909CA8F-9430-4F1A-A651-C3E155EA3A97}.Debug|iPhoneSimulator.Build.0 = Debug|Any CPU
		{2909CA8F-9430-4F1A-A651-C3E155EA3A97}.Release|Any CPU.ActiveCfg = Release|Any CPU
		{2909CA8F-9430-4F1A-A651-C3E155EA3A97}.Release|Any CPU.Build.0 = Release|Any CPU
		{2909CA8F-9430-4F1A-A651-C3E155EA3A97}.Release|iPhone.ActiveCfg = Release|Any CPU
		{2909CA8F-9430-4F1A-A651-C3E155EA3A97}.Release|iPhone.Build.0 = Release|Any CPU
		{2909CA8F-9430-4F1A-A651-C3E155EA3A97}.Release|iPhoneSimulator.ActiveCfg = Release|Any CPU
		{2909CA8F-9430-4F1A-A651-C3E155EA3A97}.Release|iPhoneSimulator.Build.0 = Release|Any CPU
		{9E2F2175-4AFB-4B35-8D26-B2B8751BC1BB}.Debug|Any CPU.ActiveCfg = Debug|iPhoneSimulator
		{9E2F2175-4AFB-4B35-8D26-B2B8751BC1BB}.Debug|Any CPU.Build.0 = Debug|iPhoneSimulator
		{9E2F2175-4AFB-4B35-8D26-B2B8751BC1BB}.Debug|iPhone.ActiveCfg = Debug|iPhone
		{9E2F2175-4AFB-4B35-8D26-B2B8751BC1BB}.Debug|iPhone.Build.0 = Debug|iPhone
		{9E2F2175-4AFB-4B35-8D26-B2B8751BC1BB}.Debug|iPhoneSimulator.ActiveCfg = Debug|iPhoneSimulator
		{9E2F2175-4AFB-4B35-8D26-B2B8751BC1BB}.Debug|iPhoneSimulator.Build.0 = Debug|iPhoneSimulator
		{9E2F2175-4AFB-4B35-8D26-B2B8751BC1BB}.Release|Any CPU.ActiveCfg = Release|iPhone
		{9E2F2175-4AFB-4B35-8D26-B2B8751BC1BB}.Release|Any CPU.Build.0 = Release|iPhone
		{9E2F2175-4AFB-4B35-8D26-B2B8751BC1BB}.Release|iPhone.ActiveCfg = Release|iPhone
		{9E2F2175-4AFB-4B35-8D26-B2B8751BC1BB}.Release|iPhone.Build.0 = Release|iPhone
		{9E2F2175-4AFB-4B35-8D26-B2B8751BC1BB}.Release|iPhoneSimulator.ActiveCfg = Release|iPhoneSimulator
		{9E2F2175-4AFB-4B35-8D26-B2B8751BC1BB}.Release|iPhoneSimulator.Build.0 = Release|iPhoneSimulator
	EndGlobalSection
EndGlobal
