
Microsoft Visual Studio Solution File, Format Version 12.00
# Visual Studio 2012
Project("{D954291E-2A0B-460D-934E-DC6B0785DB48}") = "OMShopMobile", "OMShopMobile\OMShopMobile.shproj", "{8F48D3C9-642E-4A3B-BA90-4AA417AB10A1}"
EndProject
Project("{FAE04EC0-301F-11D3-BF4B-00C04F79EFBC}") = "OMShopMobile.iOS", "iOS\OMShopMobile.iOS.csproj", "{8F46029E-7EB5-4884-A58C-E3243D3374F3}"
EndProject
Project("{FAE04EC0-301F-11D3-BF4B-00C04F79EFBC}") = "OMShopMobile.Droid", "Droid\OMShopMobile.Droid.csproj", "{F275951E-9163-492B-9085-67EEBB2D8D45}"
EndProject
Project("{FAE04EC0-301F-11D3-BF4B-00C04F79EFBC}") = "OMShopMobile.UITests", "UITests\OMShopMobile.UITests.csproj", "{A640643C-5F03-4A10-9861-79A6ACD8E7D7}"
EndProject
Global
	GlobalSection(SolutionConfigurationPlatforms) = preSolution
		Debug|iPhoneSimulator = Debug|iPhoneSimulator
		Release|iPhone = Release|iPhone
		Release|iPhoneSimulator = Release|iPhoneSimulator
		Debug|iPhone = Debug|iPhone
		Debug|Any CPU = Debug|Any CPU
		Release|Any CPU = Release|Any CPU
	EndGlobalSection
	GlobalSection(ProjectConfigurationPlatforms) = postSolution
		{8F46029E-7EB5-4884-A58C-E3243D3374F3}.Debug|Any CPU.ActiveCfg = Debug|iPhoneSimulator
		{8F46029E-7EB5-4884-A58C-E3243D3374F3}.Debug|Any CPU.Build.0 = Debug|iPhoneSimulator
		{8F46029E-7EB5-4884-A58C-E3243D3374F3}.Debug|iPhone.ActiveCfg = Debug|iPhone
		{8F46029E-7EB5-4884-A58C-E3243D3374F3}.Debug|iPhone.Build.0 = Debug|iPhone
		{8F46029E-7EB5-4884-A58C-E3243D3374F3}.Debug|iPhoneSimulator.ActiveCfg = Debug|iPhoneSimulator
		{8F46029E-7EB5-4884-A58C-E3243D3374F3}.Debug|iPhoneSimulator.Build.0 = Debug|iPhoneSimulator
		{8F46029E-7EB5-4884-A58C-E3243D3374F3}.Release|Any CPU.ActiveCfg = Release|iPhone
		{8F46029E-7EB5-4884-A58C-E3243D3374F3}.Release|Any CPU.Build.0 = Release|iPhone
		{8F46029E-7EB5-4884-A58C-E3243D3374F3}.Release|iPhone.ActiveCfg = Release|iPhone
		{8F46029E-7EB5-4884-A58C-E3243D3374F3}.Release|iPhone.Build.0 = Release|iPhone
		{8F46029E-7EB5-4884-A58C-E3243D3374F3}.Release|iPhoneSimulator.ActiveCfg = Release|iPhoneSimulator
		{8F46029E-7EB5-4884-A58C-E3243D3374F3}.Release|iPhoneSimulator.Build.0 = Release|iPhoneSimulator
		{A640643C-5F03-4A10-9861-79A6ACD8E7D7}.Debug|Any CPU.ActiveCfg = Debug|Any CPU
		{A640643C-5F03-4A10-9861-79A6ACD8E7D7}.Debug|Any CPU.Build.0 = Debug|Any CPU
		{A640643C-5F03-4A10-9861-79A6ACD8E7D7}.Debug|iPhone.ActiveCfg = Debug|Any CPU
		{A640643C-5F03-4A10-9861-79A6ACD8E7D7}.Debug|iPhone.Build.0 = Debug|Any CPU
		{A640643C-5F03-4A10-9861-79A6ACD8E7D7}.Debug|iPhoneSimulator.ActiveCfg = Debug|Any CPU
		{A640643C-5F03-4A10-9861-79A6ACD8E7D7}.Debug|iPhoneSimulator.Build.0 = Debug|Any CPU
		{A640643C-5F03-4A10-9861-79A6ACD8E7D7}.Release|Any CPU.ActiveCfg = Release|Any CPU
		{A640643C-5F03-4A10-9861-79A6ACD8E7D7}.Release|Any CPU.Build.0 = Release|Any CPU
		{A640643C-5F03-4A10-9861-79A6ACD8E7D7}.Release|iPhone.ActiveCfg = Release|Any CPU
		{A640643C-5F03-4A10-9861-79A6ACD8E7D7}.Release|iPhone.Build.0 = Release|Any CPU
		{A640643C-5F03-4A10-9861-79A6ACD8E7D7}.Release|iPhoneSimulator.ActiveCfg = Release|Any CPU
		{A640643C-5F03-4A10-9861-79A6ACD8E7D7}.Release|iPhoneSimulator.Build.0 = Release|Any CPU
		{F275951E-9163-492B-9085-67EEBB2D8D45}.Debug|Any CPU.ActiveCfg = Debug|Any CPU
		{F275951E-9163-492B-9085-67EEBB2D8D45}.Debug|Any CPU.Build.0 = Debug|Any CPU
		{F275951E-9163-492B-9085-67EEBB2D8D45}.Debug|iPhone.ActiveCfg = Debug|Any CPU
		{F275951E-9163-492B-9085-67EEBB2D8D45}.Debug|iPhone.Build.0 = Debug|Any CPU
		{F275951E-9163-492B-9085-67EEBB2D8D45}.Debug|iPhoneSimulator.ActiveCfg = Debug|Any CPU
		{F275951E-9163-492B-9085-67EEBB2D8D45}.Debug|iPhoneSimulator.Build.0 = Debug|Any CPU
		{F275951E-9163-492B-9085-67EEBB2D8D45}.Release|Any CPU.ActiveCfg = Release|Any CPU
		{F275951E-9163-492B-9085-67EEBB2D8D45}.Release|Any CPU.Build.0 = Release|Any CPU
		{F275951E-9163-492B-9085-67EEBB2D8D45}.Release|iPhone.ActiveCfg = Release|Any CPU
		{F275951E-9163-492B-9085-67EEBB2D8D45}.Release|iPhone.Build.0 = Release|Any CPU
		{F275951E-9163-492B-9085-67EEBB2D8D45}.Release|iPhoneSimulator.ActiveCfg = Release|Any CPU
		{F275951E-9163-492B-9085-67EEBB2D8D45}.Release|iPhoneSimulator.Build.0 = Release|Any CPU
	EndGlobalSection
EndGlobal
